
Microsoft Visual Studio Solution File, Format Version 12.00
# Visual Studio Version 17
VisualStudioVersion = 17.3.32825.248
MinimumVisualStudioVersion = 10.0.40219.1
Project("{FAE04EC0-301F-11D3-BF4B-00C04F79EFBC}") = "WpfApp1", "WpfApp1\WpfApp1.csproj", "{44715015-77CC-4731-8503-1F53528E13B5}"
EndProject
Global
	GlobalSection(SolutionConfigurationPlatforms) = preSolution
		Debug|Any CPU = Debug|Any CPU
		Release|Any CPU = Release|Any CPU
	EndGlobalSection
	GlobalSection(ProjectConfigurationPlatforms) = postSolution
		{44715015-77CC-4731-8503-1F53528E13B5}.Debug|Any CPU.ActiveCfg = Debug|Any CPU
		{44715015-77CC-4731-8503-1F53528E13B5}.Debug|Any CPU.Build.0 = Debug|Any CPU
		{44715015-77CC-4731-8503-1F53528E13B5}.Release|Any CPU.ActiveCfg = Release|Any CPU
		{44715015-77CC-4731-8503-1F53528E13B5}.Release|Any CPU.Build.0 = Release|Any CPU
	EndGlobalSection
	GlobalSection(SolutionProperties) = preSolution
		HideSolutionNode = FALSE
	EndGlobalSection
	GlobalSection(ExtensibilityGlobals) = postSolution
		SolutionGuid = {F4725A95-56B4-4BFA-81F0-F047C05A0143}
	EndGlobalSection
EndGlobal
